
Microsoft Visual Studio Solution File, Format Version 12.00
# Visual Studio Version 17
VisualStudioVersion = 17.5.33516.290
MinimumVisualStudioVersion = 10.0.40219.1
Project("{FAE04EC0-301F-11D3-BF4B-00C04F79EFBC}") = "BattleBitAPIRunner", "BattleBitAPIRunner\BattleBitAPIRunner.csproj", "{1C766FA8-3DA3-4505-88DA-B0E293D31346}"
EndProject
Project("{FAE04EC0-301F-11D3-BF4B-00C04F79EFBC}") = "ExampleModule", "ExampleModule\ExampleModule.csproj", "{B7F1F7A1-84E7-407F-9819-6A69E9B6E2E8}"
EndProject
Project("{9A19103F-16F7-4668-BE54-9A1E7A4F7556}") = "CommunityServerAPI", "BattleBit-Community-Server-API\CommunityServerAPI.csproj", "{279EFFCB-DE81-4F6F-BD7C-AD821E7DC9C7}"
EndProject
Project("{FAE04EC0-301F-11D3-BF4B-00C04F79EFBC}") = "ExampleModuleIntegration", "ExampleModuleIntegration\ExampleModuleIntegration.csproj", "{548B8D06-6924-432F-ACFB-4463FE269660}"
EndProject
Global
	GlobalSection(SolutionConfigurationPlatforms) = preSolution
		Debug|Any CPU = Debug|Any CPU
		Release|Any CPU = Release|Any CPU
	EndGlobalSection
	GlobalSection(ProjectConfigurationPlatforms) = postSolution
		{1C766FA8-3DA3-4505-88DA-B0E293D31346}.Debug|Any CPU.ActiveCfg = Debug|Any CPU
		{1C766FA8-3DA3-4505-88DA-B0E293D31346}.Debug|Any CPU.Build.0 = Debug|Any CPU
		{1C766FA8-3DA3-4505-88DA-B0E293D31346}.Release|Any CPU.ActiveCfg = Release|Any CPU
		{1C766FA8-3DA3-4505-88DA-B0E293D31346}.Release|Any CPU.Build.0 = Release|Any CPU
		{B7F1F7A1-84E7-407F-9819-6A69E9B6E2E8}.Debug|Any CPU.ActiveCfg = Debug|Any CPU
		{B7F1F7A1-84E7-407F-9819-6A69E9B6E2E8}.Debug|Any CPU.Build.0 = Debug|Any CPU
		{B7F1F7A1-84E7-407F-9819-6A69E9B6E2E8}.Release|Any CPU.ActiveCfg = Release|Any CPU
		{B7F1F7A1-84E7-407F-9819-6A69E9B6E2E8}.Release|Any CPU.Build.0 = Release|Any CPU
		{279EFFCB-DE81-4F6F-BD7C-AD821E7DC9C7}.Debug|Any CPU.ActiveCfg = Debug|Any CPU
		{279EFFCB-DE81-4F6F-BD7C-AD821E7DC9C7}.Debug|Any CPU.Build.0 = Debug|Any CPU
		{279EFFCB-DE81-4F6F-BD7C-AD821E7DC9C7}.Release|Any CPU.ActiveCfg = Release|Any CPU
		{279EFFCB-DE81-4F6F-BD7C-AD821E7DC9C7}.Release|Any CPU.Build.0 = Release|Any CPU
		{548B8D06-6924-432F-ACFB-4463FE269660}.Debug|Any CPU.ActiveCfg = Debug|Any CPU
		{548B8D06-6924-432F-ACFB-4463FE269660}.Debug|Any CPU.Build.0 = Debug|Any CPU
		{548B8D06-6924-432F-ACFB-4463FE269660}.Release|Any CPU.ActiveCfg = Release|Any CPU
		{548B8D06-6924-432F-ACFB-4463FE269660}.Release|Any CPU.Build.0 = Release|Any CPU
	EndGlobalSection
	GlobalSection(SolutionProperties) = preSolution
		HideSolutionNode = FALSE
	EndGlobalSection
	GlobalSection(ExtensibilityGlobals) = postSolution
		SolutionGuid = {348BA9EB-0328-46AF-8FB5-620D54D1177E}
	EndGlobalSection
EndGlobal
